
Microsoft Visual Studio Solution File, Format Version 12.00
# Visual Studio Version 16
VisualStudioVersion = 16.0.31624.102
MinimumVisualStudioVersion = 10.0.40219.1
Project("{FAE04EC0-301F-11D3-BF4B-00C04F79EFBC}") = "MVCwithData", "MVC with Data\MVCwithData.csproj", "{BFA8A7C5-F8F7-4A58-814A-FFC347AF032C}"
EndProject
Global
	GlobalSection(SolutionConfigurationPlatforms) = preSolution
		Debug|Any CPU = Debug|Any CPU
		Release|Any CPU = Release|Any CPU
	EndGlobalSection
	GlobalSection(ProjectConfigurationPlatforms) = postSolution
		{BFA8A7C5-F8F7-4A58-814A-FFC347AF032C}.Debug|Any CPU.ActiveCfg = Debug|Any CPU
		{BFA8A7C5-F8F7-4A58-814A-FFC347AF032C}.Debug|Any CPU.Build.0 = Debug|Any CPU
		{BFA8A7C5-F8F7-4A58-814A-FFC347AF032C}.Release|Any CPU.ActiveCfg = Release|Any CPU
		{BFA8A7C5-F8F7-4A58-814A-FFC347AF032C}.Release|Any CPU.Build.0 = Release|Any CPU
	EndGlobalSection
	GlobalSection(SolutionProperties) = preSolution
		HideSolutionNode = FALSE
	EndGlobalSection
	GlobalSection(ExtensibilityGlobals) = postSolution
		SolutionGuid = {E592D501-AB40-41BC-8C39-06109226A3ED}
	EndGlobalSection
EndGlobal
