
Microsoft Visual Studio Solution File, Format Version 12.00
# Visual Studio Version 16
VisualStudioVersion = 16.0.31624.102
MinimumVisualStudioVersion = 10.0.40219.1
Project("{FAE04EC0-301F-11D3-BF4B-00C04F79EFBC}") = "Ilkel", "Ilkel\Ilkel.csproj", "{C2E93F3E-5D4B-4FB2-A286-3109FE248918}"
EndProject
Global
	GlobalSection(SolutionConfigurationPlatforms) = preSolution
		Debug|Any CPU = Debug|Any CPU
		Release|Any CPU = Release|Any CPU
	EndGlobalSection
	GlobalSection(ProjectConfigurationPlatforms) = postSolution
		{C2E93F3E-5D4B-4FB2-A286-3109FE248918}.Debug|Any CPU.ActiveCfg = Debug|Any CPU
		{C2E93F3E-5D4B-4FB2-A286-3109FE248918}.Debug|Any CPU.Build.0 = Debug|Any CPU
		{C2E93F3E-5D4B-4FB2-A286-3109FE248918}.Release|Any CPU.ActiveCfg = Release|Any CPU
		{C2E93F3E-5D4B-4FB2-A286-3109FE248918}.Release|Any CPU.Build.0 = Release|Any CPU
	EndGlobalSection
	GlobalSection(SolutionProperties) = preSolution
		HideSolutionNode = FALSE
	EndGlobalSection
	GlobalSection(ExtensibilityGlobals) = postSolution
		SolutionGuid = {3E0B5880-880F-4338-8659-F0F62175FB4E}
	EndGlobalSection
EndGlobal
